
Microsoft Visual Studio Solution File, Format Version 12.00
# Visual Studio Version 17
VisualStudioVersion = 17.10.35004.147
MinimumVisualStudioVersion = 10.0.40219.1
Project("{9A19103F-16F7-4668-BE54-9A1E7A4F7556}") = "FlightsAPI", "FlightsAPI.csproj", "{D599DBB3-D1B6-4266-854D-8A1897BD3D29}"
EndProject
Project("{9A19103F-16F7-4668-BE54-9A1E7A4F7556}") = "FlightsSimulator", "..\FlightsSimulator\FlightsSimulator.csproj", "{6EDED59B-0C00-4677-84EC-A85588B1C65B}"
EndProject
Project("{FAE04EC0-301F-11D3-BF4B-00C04F79EFBC}") = "ClientLogic", "..\ClientLogic\ClientLogic.csproj", "{11B4C37E-0B40-4A68-A8DA-3072828594FA}"
EndProject
Global
	GlobalSection(SolutionConfigurationPlatforms) = preSolution
		Debug|Any CPU = Debug|Any CPU
		Release|Any CPU = Release|Any CPU
	EndGlobalSection
	GlobalSection(ProjectConfigurationPlatforms) = postSolution
		{D599DBB3-D1B6-4266-854D-8A1897BD3D29}.Debug|Any CPU.ActiveCfg = Debug|Any CPU
		{D599DBB3-D1B6-4266-854D-8A1897BD3D29}.Debug|Any CPU.Build.0 = Debug|Any CPU
		{D599DBB3-D1B6-4266-854D-8A1897BD3D29}.Release|Any CPU.ActiveCfg = Release|Any CPU
		{D599DBB3-D1B6-4266-854D-8A1897BD3D29}.Release|Any CPU.Build.0 = Release|Any CPU
		{6EDED59B-0C00-4677-84EC-A85588B1C65B}.Debug|Any CPU.ActiveCfg = Debug|Any CPU
		{6EDED59B-0C00-4677-84EC-A85588B1C65B}.Debug|Any CPU.Build.0 = Debug|Any CPU
		{6EDED59B-0C00-4677-84EC-A85588B1C65B}.Release|Any CPU.ActiveCfg = Release|Any CPU
		{6EDED59B-0C00-4677-84EC-A85588B1C65B}.Release|Any CPU.Build.0 = Release|Any CPU
		{11B4C37E-0B40-4A68-A8DA-3072828594FA}.Debug|Any CPU.ActiveCfg = Debug|Any CPU
		{11B4C37E-0B40-4A68-A8DA-3072828594FA}.Debug|Any CPU.Build.0 = Debug|Any CPU
		{11B4C37E-0B40-4A68-A8DA-3072828594FA}.Release|Any CPU.ActiveCfg = Release|Any CPU
		{11B4C37E-0B40-4A68-A8DA-3072828594FA}.Release|Any CPU.Build.0 = Release|Any CPU
	EndGlobalSection
	GlobalSection(SolutionProperties) = preSolution
		HideSolutionNode = FALSE
	EndGlobalSection
	GlobalSection(ExtensibilityGlobals) = postSolution
		SolutionGuid = {E704F8A0-4175-4E8B-BA52-0A7499C2B017}
	EndGlobalSection
EndGlobal
